// !$*UTF8*$!
{
	archiveVersion = 1;
	classes = {
	};
	objectVersion = 46;
	objects = {

/* Begin PBXBuildFile section */
		2235D1BF192E257B00FD8C21 /* Foundation.framework in Frameworks */ = {isa = PBXBuildFile; fileRef = 2235D1BE192E257B00FD8C21 /* Foundation.framework */; };
		2235D1C1192E257B00FD8C21 /* CoreGraphics.framework in Frameworks */ = {isa = PBXBuildFile; fileRef = 2235D1C0192E257B00FD8C21 /* CoreGraphics.framework */; };
		2235D1C3192E257B00FD8C21 /* UIKit.framework in Frameworks */ = {isa = PBXBuildFile; fileRef = 2235D1C2192E257B00FD8C21 /* UIKit.framework */; };
		2235D1C9192E257B00FD8C21 /* InfoPlist.strings in Resources */ = {isa = PBXBuildFile; fileRef = 2235D1C7192E257B00FD8C21 /* InfoPlist.strings */; };
		2235D1CB192E257B00FD8C21 /* main.m in Sources */ = {isa = PBXBuildFile; fileRef = 2235D1CA192E257B00FD8C21 /* main.m */; };
		2235D1CF192E257B00FD8C21 /* DELAppDelegate.m in Sources */ = {isa = PBXBuildFile; fileRef = 2235D1CE192E257B00FD8C21 /* DELAppDelegate.m */; };
		2235D1D2192E257B00FD8C21 /* Main.storyboard in Resources */ = {isa = PBXBuildFile; fileRef = 2235D1D0192E257B00FD8C21 /* Main.storyboard */; };
		2235D1D5192E257B00FD8C21 /* DELViewController.m in Sources */ = {isa = PBXBuildFile; fileRef = 2235D1D4192E257B00FD8C21 /* DELViewController.m */; };
		2235D1D7192E257B00FD8C21 /* Images.xcassets in Resources */ = {isa = PBXBuildFile; fileRef = 2235D1D6192E257B00FD8C21 /* Images.xcassets */; };
		2235D1DE192E257B00FD8C21 /* XCTest.framework in Frameworks */ = {isa = PBXBuildFile; fileRef = 2235D1DD192E257B00FD8C21 /* XCTest.framework */; };
		2235D1DF192E257B00FD8C21 /* Foundation.framework in Frameworks */ = {isa = PBXBuildFile; fileRef = 2235D1BE192E257B00FD8C21 /* Foundation.framework */; };
		2235D1E0192E257B00FD8C21 /* UIKit.framework in Frameworks */ = {isa = PBXBuildFile; fileRef = 2235D1C2192E257B00FD8C21 /* UIKit.framework */; };
		2235D1E8192E257B00FD8C21 /* InfoPlist.strings in Resources */ = {isa = PBXBuildFile; fileRef = 2235D1E6192E257B00FD8C21 /* InfoPlist.strings */; };
		2235D1EA192E257B00FD8C21 /* make_a_delegateTests.m in Sources */ = {isa = PBXBuildFile; fileRef = 2235D1E9192E257B00FD8C21 /* make_a_delegateTests.m */; };
		2235D1F5192E263600FD8C21 /* DELDetailViewController.m in Sources */ = {isa = PBXBuildFile; fileRef = 2235D1F4192E263600FD8C21 /* DELDetailViewController.m */; };
/* End PBXBuildFile section */

/* Begin PBXContainerItemProxy section */
		2235D1E1192E257B00FD8C21 /* PBXContainerItemProxy */ = {
			isa = PBXContainerItemProxy;
			containerPortal = 2235D1B3192E257B00FD8C21 /* Project object */;
			proxyType = 1;
			remoteGlobalIDString = 2235D1BA192E257B00FD8C21;
			remoteInfo = "make-a-delegate";
		};
/* End PBXContainerItemProxy section */

/* Begin PBXFileReference section */
		2235D1BB192E257B00FD8C21 /* make-a-delegate.app */ = {isa = PBXFileReference; explicitFileType = wrapper.application; includeInIndex = 0; path = "make-a-delegate.app"; sourceTree = BUILT_PRODUCTS_DIR; };
		2235D1BE192E257B00FD8C21 /* Foundation.framework */ = {isa = PBXFileReference; lastKnownFileType = wrapper.framework; name = Foundation.framework; path = System/Library/Frameworks/Foundation.framework; sourceTree = SDKROOT; };
		2235D1C0192E257B00FD8C21 /* CoreGraphics.framework */ = {isa = PBXFileReference; lastKnownFileType = wrapper.framework; name = CoreGraphics.framework; path = System/Library/Frameworks/CoreGraphics.framework; sourceTree = SDKROOT; };
		2235D1C2192E257B00FD8C21 /* UIKit.framework */ = {isa = PBXFileReference; lastKnownFileType = wrapper.framework; name = UIKit.framework; path = System/Library/Frameworks/UIKit.framework; sourceTree = SDKROOT; };
		2235D1C6192E257B00FD8C21 /* make-a-delegate-Info.plist */ = {isa = PBXFileReference; lastKnownFileType = text.plist.xml; path = "make-a-delegate-Info.plist"; sourceTree = "<group>"; };
		2235D1C8192E257B00FD8C21 /* en */ = {isa = PBXFileReference; lastKnownFileType = text.plist.strings; name = en; path = en.lproj/InfoPlist.strings; sourceTree = "<group>"; };
		2235D1CA192E257B00FD8C21 /* main.m */ = {isa = PBXFileReference; lastKnownFileType = sourcecode.c.objc; path = main.m; sourceTree = "<group>"; };
		2235D1CC192E257B00FD8C21 /* make-a-delegate-Prefix.pch */ = {isa = PBXFileReference; lastKnownFileType = sourcecode.c.h; path = "make-a-delegate-Prefix.pch"; sourceTree = "<group>"; };
		2235D1CD192E257B00FD8C21 /* DELAppDelegate.h */ = {isa = PBXFileReference; lastKnownFileType = sourcecode.c.h; path = DELAppDelegate.h; sourceTree = "<group>"; };
		2235D1CE192E257B00FD8C21 /* DELAppDelegate.m */ = {isa = PBXFileReference; lastKnownFileType = sourcecode.c.objc; path = DELAppDelegate.m; sourceTree = "<group>"; };
		2235D1D1192E257B00FD8C21 /* Base */ = {isa = PBXFileReference; lastKnownFileType = file.storyboard; name = Base; path = Base.lproj/Main.storyboard; sourceTree = "<group>"; };
		2235D1D3192E257B00FD8C21 /* DELViewController.h */ = {isa = PBXFileReference; lastKnownFileType = sourcecode.c.h; path = DELViewController.h; sourceTree = "<group>"; };
		2235D1D4192E257B00FD8C21 /* DELViewController.m */ = {isa = PBXFileReference; lastKnownFileType = sourcecode.c.objc; path = DELViewController.m; sourceTree = "<group>"; };
		2235D1D6192E257B00FD8C21 /* Images.xcassets */ = {isa = PBXFileReference; lastKnownFileType = folder.assetcatalog; path = Images.xcassets; sourceTree = "<group>"; };
		2235D1DC192E257B00FD8C21 /* make-a-delegateTests.xctest */ = {isa = PBXFileReference; explicitFileType = wrapper.cfbundle; includeInIndex = 0; path = "make-a-delegateTests.xctest"; sourceTree = BUILT_PRODUCTS_DIR; };
		2235D1DD192E257B00FD8C21 /* XCTest.framework */ = {isa = PBXFileReference; lastKnownFileType = wrapper.framework; name = XCTest.framework; path = Library/Frameworks/XCTest.framework; sourceTree = DEVELOPER_DIR; };
		2235D1E5192E257B00FD8C21 /* make-a-delegateTests-Info.plist */ = {isa = PBXFileReference; lastKnownFileType = text.plist.xml; path = "make-a-delegateTests-Info.plist"; sourceTree = "<group>"; };
		2235D1E7192E257B00FD8C21 /* en */ = {isa = PBXFileReference; lastKnownFileType = text.plist.strings; name = en; path = en.lproj/InfoPlist.strings; sourceTree = "<group>"; };
		2235D1E9192E257B00FD8C21 /* make_a_delegateTests.m */ = {isa = PBXFileReference; lastKnownFileType = sourcecode.c.objc; path = make_a_delegateTests.m; sourceTree = "<group>"; };
		2235D1F3192E263600FD8C21 /* DELDetailViewController.h */ = {isa = PBXFileReference; fileEncoding = 4; lastKnownFileType = sourcecode.c.h; path = DELDetailViewController.h; sourceTree = "<group>"; };
		2235D1F4192E263600FD8C21 /* DELDetailViewController.m */ = {isa = PBXFileReference; fileEncoding = 4; lastKnownFileType = sourcecode.c.objc; path = DELDetailViewController.m; sourceTree = "<group>"; };
/* End PBXFileReference section */

/* Begin PBXFrameworksBuildPhase section */
		2235D1B8192E257B00FD8C21 /* Frameworks */ = {
			isa = PBXFrameworksBuildPhase;
			buildActionMask = 2147483647;
			files = (
				2235D1C1192E257B00FD8C21 /* CoreGraphics.framework in Frameworks */,
				2235D1C3192E257B00FD8C21 /* UIKit.framework in Frameworks */,
				2235D1BF192E257B00FD8C21 /* Foundation.framework in Frameworks */,
			);
			runOnlyForDeploymentPostprocessing = 0;
		};
		2235D1D9192E257B00FD8C21 /* Frameworks */ = {
			isa = PBXFrameworksBuildPhase;
			buildActionMask = 2147483647;
			files = (
				2235D1DE192E257B00FD8C21 /* XCTest.framework in Frameworks */,
				2235D1E0192E257B00FD8C21 /* UIKit.framework in Frameworks */,
				2235D1DF192E257B00FD8C21 /* Foundation.framework in Frameworks */,
			);
			runOnlyForDeploymentPostprocessing = 0;
		};
/* End PBXFrameworksBuildPhase section */

/* Begin PBXGroup section */
		2235D1B2192E257B00FD8C21 = {
			isa = PBXGroup;
			children = (
				2235D1C4192E257B00FD8C21 /* make-a-delegate */,
				2235D1E3192E257B00FD8C21 /* make-a-delegateTests */,
				2235D1BD192E257B00FD8C21 /* Frameworks */,
				2235D1BC192E257B00FD8C21 /* Products */,
			);
			sourceTree = "<group>";
		};
		2235D1BC192E257B00FD8C21 /* Products */ = {
			isa = PBXGroup;
			children = (
				2235D1BB192E257B00FD8C21 /* make-a-delegate.app */,
				2235D1DC192E257B00FD8C21 /* make-a-delegateTests.xctest */,
			);
			name = Products;
			sourceTree = "<group>";
		};
		2235D1BD192E257B00FD8C21 /* Frameworks */ = {
			isa = PBXGroup;
			children = (
				2235D1BE192E257B00FD8C21 /* Foundation.framework */,
				2235D1C0192E257B00FD8C21 /* CoreGraphics.framework */,
				2235D1C2192E257B00FD8C21 /* UIKit.framework */,
				2235D1DD192E257B00FD8C21 /* XCTest.framework */,
			);
			name = Frameworks;
			sourceTree = "<group>";
		};
		2235D1C4192E257B00FD8C21 /* make-a-delegate */ = {
			isa = PBXGroup;
			children = (
				2235D1CD192E257B00FD8C21 /* DELAppDelegate.h */,
				2235D1CE192E257B00FD8C21 /* DELAppDelegate.m */,
				2235D1D0192E257B00FD8C21 /* Main.storyboard */,
				2235D1D3192E257B00FD8C21 /* DELViewController.h */,
				2235D1D4192E257B00FD8C21 /* DELViewController.m */,
				2235D1F3192E263600FD8C21 /* DELDetailViewController.h */,
				2235D1F4192E263600FD8C21 /* DELDetailViewController.m */,
				2235D1D6192E257B00FD8C21 /* Images.xcassets */,
				2235D1C5192E257B00FD8C21 /* Supporting Files */,
			);
			path = "make-a-delegate";
			sourceTree = "<group>";
		};
		2235D1C5192E257B00FD8C21 /* Supporting Files */ = {
			isa = PBXGroup;
			children = (
				2235D1C6192E257B00FD8C21 /* make-a-delegate-Info.plist */,
				2235D1C7192E257B00FD8C21 /* InfoPlist.strings */,
				2235D1CA192E257B00FD8C21 /* main.m */,
				2235D1CC192E257B00FD8C21 /* make-a-delegate-Prefix.pch */,
			);
			name = "Supporting Files";
			sourceTree = "<group>";
		};
		2235D1E3192E257B00FD8C21 /* make-a-delegateTests */ = {
			isa = PBXGroup;
			children = (
				2235D1E9192E257B00FD8C21 /* make_a_delegateTests.m */,
				2235D1E4192E257B00FD8C21 /* Supporting Files */,
			);
			path = "make-a-delegateTests";
			sourceTree = "<group>";
		};
		2235D1E4192E257B00FD8C21 /* Supporting Files */ = {
			isa = PBXGroup;
			children = (
				2235D1E5192E257B00FD8C21 /* make-a-delegateTests-Info.plist */,
				2235D1E6192E257B00FD8C21 /* InfoPlist.strings */,
			);
			name = "Supporting Files";
			sourceTree = "<group>";
		};
/* End PBXGroup section */

/* Begin PBXNativeTarget section */
		2235D1BA192E257B00FD8C21 /* make-a-delegate */ = {
			isa = PBXNativeTarget;
			buildConfigurationList = 2235D1ED192E257B00FD8C21 /* Build configuration list for PBXNativeTarget "make-a-delegate" */;
			buildPhases = (
				2235D1B7192E257B00FD8C21 /* Sources */,
				2235D1B8192E257B00FD8C21 /* Frameworks */,
				2235D1B9192E257B00FD8C21 /* Resources */,
			);
			buildRules = (
			);
			dependencies = (
			);
			name = "make-a-delegate";
			productName = "make-a-delegate";
			productReference = 2235D1BB192E257B00FD8C21 /* make-a-delegate.app */;
			productType = "com.apple.product-type.application";
		};
		2235D1DB192E257B00FD8C21 /* make-a-delegateTests */ = {
			isa = PBXNativeTarget;
			buildConfigurationList = 2235D1F0192E257B00FD8C21 /* Build configuration list for PBXNativeTarget "make-a-delegateTests" */;
			buildPhases = (
				2235D1D8192E257B00FD8C21 /* Sources */,
				2235D1D9192E257B00FD8C21 /* Frameworks */,
				2235D1DA192E257B00FD8C21 /* Resources */,
			);
			buildRules = (
			);
			dependencies = (
				2235D1E2192E257B00FD8C21 /* PBXTargetDependency */,
			);
			name = "make-a-delegateTests";
			productName = "make-a-delegateTests";
			productReference = 2235D1DC192E257B00FD8C21 /* make-a-delegateTests.xctest */;
			productType = "com.apple.product-type.bundle.unit-test";
		};
/* End PBXNativeTarget section */

/* Begin PBXProject section */
		2235D1B3192E257B00FD8C21 /* Project object */ = {
			isa = PBXProject;
			attributes = {
				CLASSPREFIX = DEL;
				LastUpgradeCheck = 0510;
				ORGANIZATIONNAME = "Detroit Labs";
				TargetAttributes = {
					2235D1DB192E257B00FD8C21 = {
						TestTargetID = 2235D1BA192E257B00FD8C21;
					};
				};
			};
			buildConfigurationList = 2235D1B6192E257B00FD8C21 /* Build configuration list for PBXProject "make-a-delegate" */;
			compatibilityVersion = "Xcode 3.2";
			developmentRegion = English;
			hasScannedForEncodings = 0;
			knownRegions = (
				en,
				Base,
			);
			mainGroup = 2235D1B2192E257B00FD8C21;
			productRefGroup = 2235D1BC192E257B00FD8C21 /* Products */;
			projectDirPath = "";
			projectRoot = "";
			targets = (
				2235D1BA192E257B00FD8C21 /* make-a-delegate */,
				2235D1DB192E257B00FD8C21 /* make-a-delegateTests */,
			);
		};
/* End PBXProject section */

/* Begin PBXResourcesBuildPhase section */
		2235D1B9192E257B00FD8C21 /* Resources */ = {
			isa = PBXResourcesBuildPhase;
			buildActionMask = 2147483647;
			files = (
				2235D1D7192E257B00FD8C21 /* Images.xcassets in Resources */,
				2235D1C9192E257B00FD8C21 /* InfoPlist.strings in Resources */,
				2235D1D2192E257B00FD8C21 /* Main.storyboard in Resources */,
			);
			runOnlyForDeploymentPostprocessing = 0;
		};
		2235D1DA192E257B00FD8C21 /* Resources */ = {
			isa = PBXResourcesBuildPhase;
			buildActionMask = 2147483647;
			files = (
				2235D1E8192E257B00FD8C21 /* InfoPlist.strings in Resources */,
			);
			runOnlyForDeploymentPostprocessing = 0;
		};
/* End PBXResourcesBuildPhase section */

/* Begin PBXSourcesBuildPhase section */
		2235D1B7192E257B00FD8C21 /* Sources */ = {
			isa = PBXSourcesBuildPhase;
			buildActionMask = 2147483647;
			files = (
				2235D1D5192E257B00FD8C21 /* DELViewController.m in Sources */,
				2235D1CF192E257B00FD8C21 /* DELAppDelegate.m in Sources */,
				2235D1CB192E257B00FD8C21 /* main.m in Sources */,
				2235D1F5192E263600FD8C21 /* DELDetailViewController.m in Sources */,
			);
			runOnlyForDeploymentPostprocessing = 0;
		};
		2235D1D8192E257B00FD8C21 /* Sources */ = {
			isa = PBXSourcesBuildPhase;
			buildActionMask = 2147483647;
			files = (
				2235D1EA192E257B00FD8C21 /* make_a_delegateTests.m in Sources */,
			);
			runOnlyForDeploymentPostprocessing = 0;
		};
/* End PBXSourcesBuildPhase section */

/* Begin PBXTargetDependency section */
		2235D1E2192E257B00FD8C21 /* PBXTargetDependency */ = {
			isa = PBXTargetDependency;
			target = 2235D1BA192E257B00FD8C21 /* make-a-delegate */;
			targetProxy = 2235D1E1192E257B00FD8C21 /* PBXContainerItemProxy */;
		};
/* End PBXTargetDependency section */

/* Begin PBXVariantGroup section */
		2235D1C7192E257B00FD8C21 /* InfoPlist.strings */ = {
			isa = PBXVariantGroup;
			children = (
				2235D1C8192E257B00FD8C21 /* en */,
			);
			name = InfoPlist.strings;
			sourceTree = "<group>";
		};
		2235D1D0192E257B00FD8C21 /* Main.storyboard */ = {
			isa = PBXVariantGroup;
			children = (
				2235D1D1192E257B00FD8C21 /* Base */,
			);
			name = Main.storyboard;
			sourceTree = "<group>";
		};
		2235D1E6192E257B00FD8C21 /* InfoPlist.strings */ = {
			isa = PBXVariantGroup;
			children = (
				2235D1E7192E257B00FD8C21 /* en */,
			);
			name = InfoPlist.strings;
			sourceTree = "<group>";
		};
/* End PBXVariantGroup section */

/* Begin XCBuildConfiguration section */
		2235D1EB192E257B00FD8C21 /* Debug */ = {
			isa = XCBuildConfiguration;
			buildSettings = {
				ALWAYS_SEARCH_USER_PATHS = NO;
				CLANG_CXX_LANGUAGE_STANDARD = "gnu++0x";
				CLANG_CXX_LIBRARY = "libc++";
				CLANG_ENABLE_MODULES = YES;
				CLANG_ENABLE_OBJC_ARC = YES;
				CLANG_WARN_BOOL_CONVERSION = YES;
				CLANG_WARN_CONSTANT_CONVERSION = YES;
				CLANG_WARN_DIRECT_OBJC_ISA_USAGE = YES_ERROR;
				CLANG_WARN_EMPTY_BODY = YES;
				CLANG_WARN_ENUM_CONVERSION = YES;
				CLANG_WARN_INT_CONVERSION = YES;
				CLANG_WARN_OBJC_ROOT_CLASS = YES_ERROR;
				CLANG_WARN__DUPLICATE_METHOD_MATCH = YES;
				"CODE_SIGN_IDENTITY[sdk=iphoneos*]" = "iPhone Developer";
				COPY_PHASE_STRIP = NO;
				GCC_C_LANGUAGE_STANDARD = gnu99;
				GCC_DYNAMIC_NO_PIC = NO;
				GCC_OPTIMIZATION_LEVEL = 0;
				GCC_PREPROCESSOR_DEFINITIONS = (
					"DEBUG=1",
					"$(inherited)",
				);
				GCC_SYMBOLS_PRIVATE_EXTERN = NO;
				GCC_WARN_64_TO_32_BIT_CONVERSION = YES;
				GCC_WARN_ABOUT_RETURN_TYPE = YES_ERROR;
				GCC_WARN_UNDECLARED_SELECTOR = YES;
				GCC_WARN_UNINITIALIZED_AUTOS = YES_AGGRESSIVE;
				GCC_WARN_UNUSED_FUNCTION = YES;
				GCC_WARN_UNUSED_VARIABLE = YES;
				IPHONEOS_DEPLOYMENT_TARGET = 7.1;
				ONLY_ACTIVE_ARCH = YES;
				SDKROOT = iphoneos;
			};
			name = Debug;
		};
		2235D1EC192E257B00FD8C21 /* Release */ = {
			isa = XCBuildConfiguration;
			buildSettings = {
				ALWAYS_SEARCH_USER_PATHS = NO;
				CLANG_CXX_LANGUAGE_STANDARD = "gnu++0x";
				CLANG_CXX_LIBRARY = "libc++";
				CLANG_ENABLE_MODULES = YES;
				CLANG_ENABLE_OBJC_ARC = YES;
				CLANG_WARN_BOOL_CONVERSION = YES;
				CLANG_WARN_CONSTANT_CONVERSION = YES;
				CLANG_WARN_DIRECT_OBJC_ISA_USAGE = YES_ERROR;
				CLANG_WARN_EMPTY_BODY = YES;
				CLANG_WARN_ENUM_CONVERSION = YES;
				CLANG_WARN_INT_CONVERSION = YES;
				CLANG_WARN_OBJC_ROOT_CLASS = YES_ERROR;
				CLANG_WARN__DUPLICATE_METHOD_MATCH = YES;
				"CODE_SIGN_IDENTITY[sdk=iphoneos*]" = "iPhone Developer";
				COPY_PHASE_STRIP = YES;
				ENABLE_NS_ASSERTIONS = NO;
				GCC_C_LANGUAGE_STANDARD = gnu99;
				GCC_WARN_64_TO_32_BIT_CONVERSION = YES;
				GCC_WARN_ABOUT_RETURN_TYPE = YES_ERROR;
				GCC_WARN_UNDECLARED_SELECTOR = YES;
				GCC_WARN_UNINITIALIZED_AUTOS = YES_AGGRESSIVE;
				GCC_WARN_UNUSED_FUNCTION = YES;
				GCC_WARN_UNUSED_VARIABLE = YES;
				IPHONEOS_DEPLOYMENT_TARGET = 7.1;
				SDKROOT = iphoneos;
				VALIDATE_PRODUCT = YES;
			};
			name = Release;
		};
		2235D1EE192E257B00FD8C21 /* Debug */ = {
			isa = XCBuildConfiguration;
			buildSettings = {
				ASSETCATALOG_COMPILER_APPICON_NAME = AppIcon;
				ASSETCATALOG_COMPILER_LAUNCHIMAGE_NAME = LaunchImage;
				GCC_PRECOMPILE_PREFIX_HEADER = YES;
				GCC_PREFIX_HEADER = "make-a-delegate/make-a-delegate-Prefix.pch";
				INFOPLIST_FILE = "make-a-delegate/make-a-delegate-Info.plist";
				PRODUCT_NAME = "$(TARGET_NAME)";
				WRAPPER_EXTENSION = app;
			};
			name = Debug;
		};
		2235D1EF192E257B00FD8C21 /* Release */ = {
			isa = XCBuildConfiguration;
			buildSettings = {
				ASSETCATALOG_COMPILER_APPICON_NAME = AppIcon;
				ASSETCATALOG_COMPILER_LAUNCHIMAGE_NAME = LaunchImage;
				GCC_PRECOMPILE_PREFIX_HEADER = YES;
				GCC_PREFIX_HEADER = "make-a-delegate/make-a-delegate-Prefix.pch";
				INFOPLIST_FILE = "make-a-delegate/make-a-delegate-Info.plist";
				PRODUCT_NAME = "$(TARGET_NAME)";
				WRAPPER_EXTENSION = app;
			};
			name = Release;
		};
		2235D1F1192E257B00FD8C21 /* Debug */ = {
			isa = XCBuildConfiguration;
			buildSettings = {
				BUNDLE_LOADER = "$(BUILT_PRODUCTS_DIR)/make-a-delegate.app/make-a-delegate";
				FRAMEWORK_SEARCH_PATHS = (
					"$(SDKROOT)/Developer/Library/Frameworks",
					"$(inherited)",
					"$(DEVELOPER_FRAMEWORKS_DIR)",
				);
				GCC_PRECOMPILE_PREFIX_HEADER = YES;
				GCC_PREFIX_HEADER = "make-a-delegate/make-a-delegate-Prefix.pch";
				GCC_PREPROCESSOR_DEFINITIONS = (
					"DEBUG=1",
					"$(inherited)",
				);
				INFOPLIST_FILE = "make-a-delegateTests/make-a-delegateTests-Info.plist";
				PRODUCT_NAME = "$(TARGET_NAME)";
				TEST_HOST = "$(BUNDLE_LOADER)";
				WRAPPER_EXTENSION = xctest;
			};
			name = Debug;
		};
		2235D1F2192E257B00FD8C21 /* Release */ = {
			isa = XCBuildConfiguration;
			buildSettings = {
				BUNDLE_LOADER = "$(BUILT_PRODUCTS_DIR)/make-a-delegate.app/make-a-delegate";
				FRAMEWORK_SEARCH_PATHS = (
					"$(SDKROOT)/Developer/Library/Frameworks",
					"$(inherited)",
					"$(DEVELOPER_FRAMEWORKS_DIR)",
				);
				GCC_PRECOMPILE_PREFIX_HEADER = YES;
				GCC_PREFIX_HEADER = "make-a-delegate/make-a-delegate-Prefix.pch";
				INFOPLIST_FILE = "make-a-delegateTests/make-a-delegateTests-Info.plist";
				PRODUCT_NAME = "$(TARGET_NAME)";
				TEST_HOST = "$(BUNDLE_LOADER)";
				WRAPPER_EXTENSION = xctest;
			};
			name = Release;
		};
/* End XCBuildConfiguration section */

/* Begin XCConfigurationList section */
		2235D1B6192E257B00FD8C21 /* Build configuration list for PBXProject "make-a-delegate" */ = {
			isa = XCConfigurationList;
			buildConfigurations = (
				2235D1EB192E257B00FD8C21 /* Debug */,
				2235D1EC192E257B00FD8C21 /* Release */,
			);
			defaultConfigurationIsVisible = 0;
			defaultConfigurationName = Release;
		};
		2235D1ED192E257B00FD8C21 /* Build configuration list for PBXNativeTarget "make-a-delegate" */ = {
			isa = XCConfigurationList;
			buildConfigurations = (
				2235D1EE192E257B00FD8C21 /* Debug */,
				2235D1EF192E257B00FD8C21 /* Release */,
			);
			defaultConfigurationIsVisible = 0;
			defaultConfigurationName = Release;
		};
		2235D1F0192E257B00FD8C21 /* Build configuration list for PBXNativeTarget "make-a-delegateTests" */ = {
			isa = XCConfigurationList;
			buildConfigurations = (
				2235D1F1192E257B00FD8C21 /* Debug */,
				2235D1F2192E257B00FD8C21 /* Release */,
			);
			defaultConfigurationIsVisible = 0;
			defaultConfigurationName = Release;
		};
/* End XCConfigurationList section */
	};
	rootObject = 2235D1B3192E257B00FD8C21 /* Project object */;
}
